{
  "name": "autoshort",
  "version": "1.0.0",
  "lockfileVersion": 3,
  "requires": true,
  "packages": {
    "": {
      "name": "autoshort",
      "version": "1.0.0",
      "license": "ISC",
      "dependencies": {
        "cron": "^3.1.6",
        "dotenv": "^16.3.1"
      },
      "engines": {
        "node": ">=20.3.1",
        "npm": ">=9.6.7"
      }
    },
    "node_modules/@types/luxon": {
      "version": "3.3.5",
      "resolved": "https://registry.npmjs.org/@types/luxon/-/luxon-3.3.5.tgz",
      "integrity": "sha512-1cyf6Ge/94zlaWIZA2ei1pE6SZ8xpad2hXaYa5JEFiaUH0YS494CZwyi4MXNpXD9oEuv6ZH0Bmh0e7F9sPhmZA=="
    },
    "node_modules/cron": {
      "version": "3.1.6",
      "resolved": "https://registry.npmjs.org/cron/-/cron-3.1.6.tgz",
      "integrity": "sha512-cvFiQCeVzsA+QPM6fhjBtlKGij7tLLISnTSvFxVdnFGLdz+ZdXN37kNe0i2gefmdD17XuZA6n2uPVwzl4FxW/w==",
      "dependencies": {
        "@types/luxon": "~3.3.0",
        "luxon": "~3.4.0"
      }
    },
    "node_modules/dotenv": {
      "version": "16.3.1",
      "resolved": "https://registry.npmjs.org/dotenv/-/dotenv-16.3.1.tgz",
      "integrity": "sha512-IPzF4w4/Rd94bA9imS68tZBaYyBWSCE47V1RGuMrB94iyTOIEwRmVL2x/4An+6mETpLrKJ5hQkB8W4kFAadeIQ==",
      "engines": {
        "node": ">=12"
      },
      "funding": {
        "url": "https://github.com/motdotla/dotenv?sponsor=1"
      }
    },
    "node_modules/luxon": {
      "version": "3.4.4",
      "resolved": "https://registry.npmjs.org/luxon/-/luxon-3.4.4.tgz",
      "integrity": "sha512-zobTr7akeGHnv7eBOXcRgMeCP6+uyYsczwmeRCauvpvaAltgNyTbLH/+VaEAPUeWBT+1GuNmz4wC/6jtQzbbVA==",
      "engines": {
        "node": ">=12"
      }
    }
  }
}
